
Microsoft Visual Studio Solution File, Format Version 12.00
# Visual Studio Version 17
VisualStudioVersion = 17.9.34607.119
MinimumVisualStudioVersion = 10.0.40219.1
Project("{FAE04EC0-301F-11D3-BF4B-00C04F79EFBC}") = "Jokenpo", "Jokenpo.csproj", "{4DB77EC9-98CF-46D4-B0AF-A8B96953F390}"
EndProject
Global
	GlobalSection(SolutionConfigurationPlatforms) = preSolution
		Debug|Any CPU = Debug|Any CPU
		Release|Any CPU = Release|Any CPU
	EndGlobalSection
	GlobalSection(ProjectConfigurationPlatforms) = postSolution
		{4DB77EC9-98CF-46D4-B0AF-A8B96953F390}.Debug|Any CPU.ActiveCfg = Debug|Any CPU
		{4DB77EC9-98CF-46D4-B0AF-A8B96953F390}.Debug|Any CPU.Build.0 = Debug|Any CPU
		{4DB77EC9-98CF-46D4-B0AF-A8B96953F390}.Release|Any CPU.ActiveCfg = Release|Any CPU
		{4DB77EC9-98CF-46D4-B0AF-A8B96953F390}.Release|Any CPU.Build.0 = Release|Any CPU
	EndGlobalSection
	GlobalSection(SolutionProperties) = preSolution
		HideSolutionNode = FALSE
	EndGlobalSection
	GlobalSection(ExtensibilityGlobals) = postSolution
		SolutionGuid = {9003466E-6F96-4D5B-A2D8-D4898D1843B9}
	EndGlobalSection
EndGlobal
